
Microsoft Visual Studio Solution File, Format Version 12.00
# Visual Studio Version 17
VisualStudioVersion = 17.8.34511.84
MinimumVisualStudioVersion = 10.0.40219.1
Project("{9A19103F-16F7-4668-BE54-9A1E7A4F7556}") = "StockApp", "StockApp.csproj", "{7B67FFFA-0973-4ECC-89BA-0667BA003DC6}"
EndProject
Project("{9A19103F-16F7-4668-BE54-9A1E7A4F7556}") = "StockApp.Infrastructure.Persistence", "..\DataBase\StockApp.Infrastructure.Persistence.csproj", "{267356A4-7C39-40E4-824B-AC0C6454980F}"
EndProject
Project("{9A19103F-16F7-4668-BE54-9A1E7A4F7556}") = "StockApp.Core.Application", "..\Application\StockApp.Core.Application.csproj", "{55116DCF-9A3A-4CA7-B5D2-2EAD53BB6068}"
EndProject
Project("{2150E333-8FDC-42A3-9474-1A3956D46DE8}") = "Source", "Source", "{4C25B3F0-B8CF-4CE9-85B0-1948A798FD8C}"
EndProject
Project("{2150E333-8FDC-42A3-9474-1A3956D46DE8}") = "Core", "Core", "{A1576589-AA55-4C0B-9A46-C6D62ABC758E}"
EndProject
Project("{2150E333-8FDC-42A3-9474-1A3956D46DE8}") = "Infrastructure", "Infrastructure", "{550DD1F2-7B45-4EE7-BCC0-AB0AB6942DA4}"
EndProject
Project("{2150E333-8FDC-42A3-9474-1A3956D46DE8}") = "WebApp", "WebApp", "{90155636-DE0F-4582-BBC5-398E8BC799DD}"
EndProject
Project("{9A19103F-16F7-4668-BE54-9A1E7A4F7556}") = "StockApp.Core.Domain", "..\StockApp.Domain\StockApp.Core.Domain.csproj", "{B42CE1F4-BA17-45D0-9469-384C7564C240}"
EndProject
Project("{9A19103F-16F7-4668-BE54-9A1E7A4F7556}") = "StockApp.Infrastructure.Shared", "..\StockApp.Infrastructure.Shared\StockApp.Infrastructure.Shared.csproj", "{29164BBA-8877-4E5B-A935-363F342CA0B1}"
EndProject
Project("{9A19103F-16F7-4668-BE54-9A1E7A4F7556}") = "StockApp.Infrastructure.Identity", "..\StockApp.Infrastructure.Identity\StockApp.Infrastructure.Identity.csproj", "{5AF16431-3225-4002-9EBA-A4B6A5BB219A}"
EndProject
Project("{2150E333-8FDC-42A3-9474-1A3956D46DE8}") = "Presentation", "Presentation", "{7A5F0CB0-9AA0-47FA-ACD0-AD00950BD8DC}"
EndProject
Project("{2150E333-8FDC-42A3-9474-1A3956D46DE8}") = "WebApi", "WebApi", "{FB4830DC-D3DD-4D68-A32F-8198B374F766}"
EndProject
Project("{FAE04EC0-301F-11D3-BF4B-00C04F79EFBC}") = "StockApp.WebApi", "..\StockApp.WebApi\StockApp.WebApi.csproj", "{427696F7-1C90-4B6D-8E59-EDBA22734111}"
EndProject
Global
	GlobalSection(SolutionConfigurationPlatforms) = preSolution
		Debug|Any CPU = Debug|Any CPU
		Release|Any CPU = Release|Any CPU
	EndGlobalSection
	GlobalSection(ProjectConfigurationPlatforms) = postSolution
		{7B67FFFA-0973-4ECC-89BA-0667BA003DC6}.Debug|Any CPU.ActiveCfg = Debug|Any CPU
		{7B67FFFA-0973-4ECC-89BA-0667BA003DC6}.Debug|Any CPU.Build.0 = Debug|Any CPU
		{7B67FFFA-0973-4ECC-89BA-0667BA003DC6}.Release|Any CPU.ActiveCfg = Release|Any CPU
		{7B67FFFA-0973-4ECC-89BA-0667BA003DC6}.Release|Any CPU.Build.0 = Release|Any CPU
		{267356A4-7C39-40E4-824B-AC0C6454980F}.Debug|Any CPU.ActiveCfg = Debug|Any CPU
		{267356A4-7C39-40E4-824B-AC0C6454980F}.Debug|Any CPU.Build.0 = Debug|Any CPU
		{267356A4-7C39-40E4-824B-AC0C6454980F}.Release|Any CPU.ActiveCfg = Release|Any CPU
		{267356A4-7C39-40E4-824B-AC0C6454980F}.Release|Any CPU.Build.0 = Release|Any CPU
		{55116DCF-9A3A-4CA7-B5D2-2EAD53BB6068}.Debug|Any CPU.ActiveCfg = Debug|Any CPU
		{55116DCF-9A3A-4CA7-B5D2-2EAD53BB6068}.Debug|Any CPU.Build.0 = Debug|Any CPU
		{55116DCF-9A3A-4CA7-B5D2-2EAD53BB6068}.Release|Any CPU.ActiveCfg = Release|Any CPU
		{55116DCF-9A3A-4CA7-B5D2-2EAD53BB6068}.Release|Any CPU.Build.0 = Release|Any CPU
		{B42CE1F4-BA17-45D0-9469-384C7564C240}.Debug|Any CPU.ActiveCfg = Debug|Any CPU
		{B42CE1F4-BA17-45D0-9469-384C7564C240}.Debug|Any CPU.Build.0 = Debug|Any CPU
		{B42CE1F4-BA17-45D0-9469-384C7564C240}.Release|Any CPU.ActiveCfg = Release|Any CPU
		{B42CE1F4-BA17-45D0-9469-384C7564C240}.Release|Any CPU.Build.0 = Release|Any CPU
		{29164BBA-8877-4E5B-A935-363F342CA0B1}.Debug|Any CPU.ActiveCfg = Debug|Any CPU
		{29164BBA-8877-4E5B-A935-363F342CA0B1}.Debug|Any CPU.Build.0 = Debug|Any CPU
		{29164BBA-8877-4E5B-A935-363F342CA0B1}.Release|Any CPU.ActiveCfg = Release|Any CPU
		{29164BBA-8877-4E5B-A935-363F342CA0B1}.Release|Any CPU.Build.0 = Release|Any CPU
		{5AF16431-3225-4002-9EBA-A4B6A5BB219A}.Debug|Any CPU.ActiveCfg = Debug|Any CPU
		{5AF16431-3225-4002-9EBA-A4B6A5BB219A}.Debug|Any CPU.Build.0 = Debug|Any CPU
		{5AF16431-3225-4002-9EBA-A4B6A5BB219A}.Release|Any CPU.ActiveCfg = Release|Any CPU
		{5AF16431-3225-4002-9EBA-A4B6A5BB219A}.Release|Any CPU.Build.0 = Release|Any CPU
		{427696F7-1C90-4B6D-8E59-EDBA22734111}.Debug|Any CPU.ActiveCfg = Debug|Any CPU
		{427696F7-1C90-4B6D-8E59-EDBA22734111}.Debug|Any CPU.Build.0 = Debug|Any CPU
		{427696F7-1C90-4B6D-8E59-EDBA22734111}.Release|Any CPU.ActiveCfg = Release|Any CPU
		{427696F7-1C90-4B6D-8E59-EDBA22734111}.Release|Any CPU.Build.0 = Release|Any CPU
	EndGlobalSection
	GlobalSection(SolutionProperties) = preSolution
		HideSolutionNode = FALSE
	EndGlobalSection
	GlobalSection(NestedProjects) = preSolution
		{7B67FFFA-0973-4ECC-89BA-0667BA003DC6} = {90155636-DE0F-4582-BBC5-398E8BC799DD}
		{267356A4-7C39-40E4-824B-AC0C6454980F} = {550DD1F2-7B45-4EE7-BCC0-AB0AB6942DA4}
		{55116DCF-9A3A-4CA7-B5D2-2EAD53BB6068} = {A1576589-AA55-4C0B-9A46-C6D62ABC758E}
		{A1576589-AA55-4C0B-9A46-C6D62ABC758E} = {4C25B3F0-B8CF-4CE9-85B0-1948A798FD8C}
		{550DD1F2-7B45-4EE7-BCC0-AB0AB6942DA4} = {4C25B3F0-B8CF-4CE9-85B0-1948A798FD8C}
		{90155636-DE0F-4582-BBC5-398E8BC799DD} = {7A5F0CB0-9AA0-47FA-ACD0-AD00950BD8DC}
		{B42CE1F4-BA17-45D0-9469-384C7564C240} = {A1576589-AA55-4C0B-9A46-C6D62ABC758E}
		{29164BBA-8877-4E5B-A935-363F342CA0B1} = {550DD1F2-7B45-4EE7-BCC0-AB0AB6942DA4}
		{5AF16431-3225-4002-9EBA-A4B6A5BB219A} = {550DD1F2-7B45-4EE7-BCC0-AB0AB6942DA4}
		{7A5F0CB0-9AA0-47FA-ACD0-AD00950BD8DC} = {4C25B3F0-B8CF-4CE9-85B0-1948A798FD8C}
		{FB4830DC-D3DD-4D68-A32F-8198B374F766} = {7A5F0CB0-9AA0-47FA-ACD0-AD00950BD8DC}
		{427696F7-1C90-4B6D-8E59-EDBA22734111} = {FB4830DC-D3DD-4D68-A32F-8198B374F766}
	EndGlobalSection
	GlobalSection(ExtensibilityGlobals) = postSolution
		SolutionGuid = {106BCA1F-5372-4307-BE90-24056250AEE9}
	EndGlobalSection
EndGlobal
